{
  "originHash" : "1af1f31b8d66de777bb11bed8e4c037caa9976c336b3b8c1b80bfd1e38379aad",
  "pins" : [
    {
      "identity" : "kingfisher",
      "kind" : "remoteSourceControl",
      "location" : "https://github.com/onevcat/Kingfisher.git",
      "state" : {
        "revision" : "2ef543ee21d63734e1c004ad6c870255e8716c50",
        "version" : "7.12.0"
      }
    },
    {
      "identity" : "progresshud",
      "kind" : "remoteSourceControl",
      "location" : "https://github.com/relatedcode/ProgressHUD.git",
      "state" : {
        "revision" : "9364904a42cb25f58d026451140c4080a868e72e",
        "version" : "14.1.3"
      }
    }
  ],
  "version" : 3
}
